
Microsoft Visual Studio Solution File, Format Version 12.00
# Visual Studio Version 17
VisualStudioVersion = 17.4.33213.308
MinimumVisualStudioVersion = 10.0.40219.1
Project("{FAE04EC0-301F-11D3-BF4B-00C04F79EFBC}") = "ASP_Homework_1", "ASP_Homework_1\ASP_Homework_1.csproj", "{35199EB5-A23C-4C37-81DF-E1979EE73500}"
EndProject
Global
	GlobalSection(SolutionConfigurationPlatforms) = preSolution
		Debug|Any CPU = Debug|Any CPU
		Release|Any CPU = Release|Any CPU
	EndGlobalSection
	GlobalSection(ProjectConfigurationPlatforms) = postSolution
		{35199EB5-A23C-4C37-81DF-E1979EE73500}.Debug|Any CPU.ActiveCfg = Debug|Any CPU
		{35199EB5-A23C-4C37-81DF-E1979EE73500}.Debug|Any CPU.Build.0 = Debug|Any CPU
		{35199EB5-A23C-4C37-81DF-E1979EE73500}.Release|Any CPU.ActiveCfg = Release|Any CPU
		{35199EB5-A23C-4C37-81DF-E1979EE73500}.Release|Any CPU.Build.0 = Release|Any CPU
	EndGlobalSection
	GlobalSection(SolutionProperties) = preSolution
		HideSolutionNode = FALSE
	EndGlobalSection
	GlobalSection(ExtensibilityGlobals) = postSolution
		SolutionGuid = {14A1CD65-1EF7-466B-9087-AA110A06B1C9}
	EndGlobalSection
EndGlobal
